// !$*UTF8*$!
{
	archiveVersion = 1;
	classes = {
	};
	objectVersion = 77;
	objects = {

/* Begin PBXContainerItemProxy section */
		299FF0532E16F07900BB64E1 /* PBXContainerItemProxy */ = {
			isa = PBXContainerItemProxy;
			containerPortal = 299FF0382E16F07700BB64E1 /* Project object */;
			proxyType = 1;
			remoteGlobalIDString = 299FF03F2E16F07700BB64E1;
			remoteInfo = TrainIA;
		};
		299FF05D2E16F07900BB64E1 /* PBXContainerItemProxy */ = {
			isa = PBXContainerItemProxy;
			containerPortal = 299FF0382E16F07700BB64E1 /* Project object */;
			proxyType = 1;
			remoteGlobalIDString = 299FF03F2E16F07700BB64E1;
			remoteInfo = TrainIA;
		};
/* End PBXContainerItemProxy section */

/* Begin PBXFileReference section */
		299FF0402E16F07700BB64E1 /* TrainIA.app */ = {isa = PBXFileReference; explicitFileType = wrapper.application; includeInIndex = 0; path = TrainIA.app; sourceTree = BUILT_PRODUCTS_DIR; };
		299FF0522E16F07900BB64E1 /* TrainIATests.xctest */ = {isa = PBXFileReference; explicitFileType = wrapper.cfbundle; includeInIndex = 0; path = TrainIATests.xctest; sourceTree = BUILT_PRODUCTS_DIR; };
		299FF05C2E16F07900BB64E1 /* TrainIAUITests.xctest */ = {isa = PBXFileReference; explicitFileType = wrapper.cfbundle; includeInIndex = 0; path = TrainIAUITests.xctest; sourceTree = BUILT_PRODUCTS_DIR; };
/* End PBXFileReference section */

/* Begin PBXFileSystemSynchronizedRootGroup section */
		299FF0422E16F07700BB64E1 /* TrainIA */ = {
			isa = PBXFileSystemSynchronizedRootGroup;
			path = TrainIA;
			sourceTree = "<group>";
		};
		299FF0552E16F07900BB64E1 /* TrainIATests */ = {
			isa = PBXFileSystemSynchronizedRootGroup;
			path = TrainIATests;
			sourceTree = "<group>";
		};
		299FF05F2E16F07900BB64E1 /* TrainIAUITests */ = {
			isa = PBXFileSystemSynchronizedRootGroup;
			path = TrainIAUITests;
			sourceTree = "<group>";
		};
/* End PBXFileSystemSynchronizedRootGroup section */

/* Begin PBXFrameworksBuildPhase section */
		299FF03D2E16F07700BB64E1 /* Frameworks */ = {
			isa = PBXFrameworksBuildPhase;
			buildActionMask = 2147483647;
			files = (
			);
			runOnlyForDeploymentPostprocessing = 0;
		};
		299FF04F2E16F07900BB64E1 /* Frameworks */ = {
			isa = PBXFrameworksBuildPhase;
			buildActionMask = 2147483647;
			files = (
			);
			runOnlyForDeploymentPostprocessing = 0;
		};
		299FF0592E16F07900BB64E1 /* Frameworks */ = {
			isa = PBXFrameworksBuildPhase;
			buildActionMask = 2147483647;
			files = (
			);
			runOnlyForDeploymentPostprocessing = 0;
		};
/* End PBXFrameworksBuildPhase section */

/* Begin PBXGroup section */
		299FF0372E16F07700BB64E1 = {
			isa = PBXGroup;
			children = (
				299FF0422E16F07700BB64E1 /* TrainIA */,
				299FF0552E16F07900BB64E1 /* TrainIATests */,
				299FF05F2E16F07900BB64E1 /* TrainIAUITests */,
				299FF0412E16F07700BB64E1 /* Products */,
			);
			sourceTree = "<group>";
		};
		299FF0412E16F07700BB64E1 /* Products */ = {
			isa = PBXGroup;
			children = (
				299FF0402E16F07700BB64E1 /* TrainIA.app */,
				299FF0522E16F07900BB64E1 /* TrainIATests.xctest */,
				299FF05C2E16F07900BB64E1 /* TrainIAUITests.xctest */,
			);
			name = Products;
			sourceTree = "<group>";
		};
/* End PBXGroup section */

/* Begin PBXNativeTarget section */
		299FF03F2E16F07700BB64E1 /* TrainIA */ = {
			isa = PBXNativeTarget;
			buildConfigurationList = 299FF0662E16F07900BB64E1 /* Build configuration list for PBXNativeTarget "TrainIA" */;
			buildPhases = (
				299FF03C2E16F07700BB64E1 /* Sources */,
				299FF03D2E16F07700BB64E1 /* Frameworks */,
				299FF03E2E16F07700BB64E1 /* Resources */,
			);
			buildRules = (
			);
			dependencies = (
			);
			fileSystemSynchronizedGroups = (
				299FF0422E16F07700BB64E1 /* TrainIA */,
			);
			name = TrainIA;
			packageProductDependencies = (
			);
			productName = TrainIA;
			productReference = 299FF0402E16F07700BB64E1 /* TrainIA.app */;
			productType = "com.apple.product-type.application";
		};
		299FF0512E16F07900BB64E1 /* TrainIATests */ = {
			isa = PBXNativeTarget;
			buildConfigurationList = 299FF0692E16F07900BB64E1 /* Build configuration list for PBXNativeTarget "TrainIATests" */;
			buildPhases = (
				299FF04E2E16F07900BB64E1 /* Sources */,
				299FF04F2E16F07900BB64E1 /* Frameworks */,
				299FF0502E16F07900BB64E1 /* Resources */,
			);
			buildRules = (
			);
			dependencies = (
				299FF0542E16F07900BB64E1 /* PBXTargetDependency */,
			);
			fileSystemSynchronizedGroups = (
				299FF0552E16F07900BB64E1 /* TrainIATests */,
			);
			name = TrainIATests;
			packageProductDependencies = (
			);
			productName = TrainIATests;
			productReference = 299FF0522E16F07900BB64E1 /* TrainIATests.xctest */;
			productType = "com.apple.product-type.bundle.unit-test";
		};
		299FF05B2E16F07900BB64E1 /* TrainIAUITests */ = {
			isa = PBXNativeTarget;
			buildConfigurationList = 299FF06C2E16F07900BB64E1 /* Build configuration list for PBXNativeTarget "TrainIAUITests" */;
			buildPhases = (
				299FF0582E16F07900BB64E1 /* Sources */,
				299FF0592E16F07900BB64E1 /* Frameworks */,
				299FF05A2E16F07900BB64E1 /* Resources */,
			);
			buildRules = (
			);
			dependencies = (
				299FF05E2E16F07900BB64E1 /* PBXTargetDependency */,
			);
			fileSystemSynchronizedGroups = (
				299FF05F2E16F07900BB64E1 /* TrainIAUITests */,
			);
			name = TrainIAUITests;
			packageProductDependencies = (
			);
			productName = TrainIAUITests;
			productReference = 299FF05C2E16F07900BB64E1 /* TrainIAUITests.xctest */;
			productType = "com.apple.product-type.bundle.ui-testing";
		};
/* End PBXNativeTarget section */

/* Begin PBXProject section */
		299FF0382E16F07700BB64E1 /* Project object */ = {
			isa = PBXProject;
			attributes = {
				BuildIndependentTargetsInParallel = 1;
				LastSwiftUpdateCheck = 1620;
				LastUpgradeCheck = 1620;
				TargetAttributes = {
					299FF03F2E16F07700BB64E1 = {
						CreatedOnToolsVersion = 16.2;
					};
					299FF0512E16F07900BB64E1 = {
						CreatedOnToolsVersion = 16.2;
						TestTargetID = 299FF03F2E16F07700BB64E1;
					};
					299FF05B2E16F07900BB64E1 = {
						CreatedOnToolsVersion = 16.2;
						TestTargetID = 299FF03F2E16F07700BB64E1;
					};
				};
			};
			buildConfigurationList = 299FF03B2E16F07700BB64E1 /* Build configuration list for PBXProject "TrainIA" */;
			developmentRegion = en;
			hasScannedForEncodings = 0;
			knownRegions = (
				en,
				Base,
			);
			mainGroup = 299FF0372E16F07700BB64E1;
			minimizedProjectReferenceProxies = 1;
			preferredProjectObjectVersion = 77;
			productRefGroup = 299FF0412E16F07700BB64E1 /* Products */;
			projectDirPath = "";
			projectRoot = "";
			targets = (
				299FF03F2E16F07700BB64E1 /* TrainIA */,
				299FF0512E16F07900BB64E1 /* TrainIATests */,
				299FF05B2E16F07900BB64E1 /* TrainIAUITests */,
			);
		};
/* End PBXProject section */

/* Begin PBXResourcesBuildPhase section */
		299FF03E2E16F07700BB64E1 /* Resources */ = {
			isa = PBXResourcesBuildPhase;
			buildActionMask = 2147483647;
			files = (
			);
			runOnlyForDeploymentPostprocessing = 0;
		};
		299FF0502E16F07900BB64E1 /* Resources */ = {
			isa = PBXResourcesBuildPhase;
			buildActionMask = 2147483647;
			files = (
			);
			runOnlyForDeploymentPostprocessing = 0;
		};
		299FF05A2E16F07900BB64E1 /* Resources */ = {
			isa = PBXResourcesBuildPhase;
			buildActionMask = 2147483647;
			files = (
			);
			runOnlyForDeploymentPostprocessing = 0;
		};
/* End PBXResourcesBuildPhase section */

/* Begin PBXSourcesBuildPhase section */
		299FF03C2E16F07700BB64E1 /* Sources */ = {
			isa = PBXSourcesBuildPhase;
			buildActionMask = 2147483647;
			files = (
			);
			runOnlyForDeploymentPostprocessing = 0;
		};
		299FF04E2E16F07900BB64E1 /* Sources */ = {
			isa = PBXSourcesBuildPhase;
			buildActionMask = 2147483647;
			files = (
			);
			runOnlyForDeploymentPostprocessing = 0;
		};
		299FF0582E16F07900BB64E1 /* Sources */ = {
			isa = PBXSourcesBuildPhase;
			buildActionMask = 2147483647;
			files = (
			);
			runOnlyForDeploymentPostprocessing = 0;
		};
/* End PBXSourcesBuildPhase section */

/* Begin PBXTargetDependency section */
		299FF0542E16F07900BB64E1 /* PBXTargetDependency */ = {
			isa = PBXTargetDependency;
			target = 299FF03F2E16F07700BB64E1 /* TrainIA */;
			targetProxy = 299FF0532E16F07900BB64E1 /* PBXContainerItemProxy */;
		};
		299FF05E2E16F07900BB64E1 /* PBXTargetDependency */ = {
			isa = PBXTargetDependency;
			target = 299FF03F2E16F07700BB64E1 /* TrainIA */;
			targetProxy = 299FF05D2E16F07900BB64E1 /* PBXContainerItemProxy */;
		};
/* End PBXTargetDependency section */

/* Begin XCBuildConfiguration section */
		299FF0642E16F07900BB64E1 /* Debug */ = {
			isa = XCBuildConfiguration;
			buildSettings = {
				ALWAYS_SEARCH_USER_PATHS = NO;
				ASSETCATALOG_COMPILER_GENERATE_SWIFT_ASSET_SYMBOL_EXTENSIONS = YES;
				CLANG_ANALYZER_NONNULL = YES;
				CLANG_ANALYZER_NUMBER_OBJECT_CONVERSION = YES_AGGRESSIVE;
				CLANG_CXX_LANGUAGE_STANDARD = "gnu++20";
				CLANG_ENABLE_MODULES = YES;
				CLANG_ENABLE_OBJC_ARC = YES;
				CLANG_ENABLE_OBJC_WEAK = YES;
				CLANG_WARN_BLOCK_CAPTURE_AUTORELEASING = YES;
				CLANG_WARN_BOOL_CONVERSION = YES;
				CLANG_WARN_COMMA = YES;
				CLANG_WARN_CONSTANT_CONVERSION = YES;
				CLANG_WARN_DEPRECATED_OBJC_IMPLEMENTATIONS = YES;
				CLANG_WARN_DIRECT_OBJC_ISA_USAGE = YES_ERROR;
				CLANG_WARN_DOCUMENTATION_COMMENTS = YES;
				CLANG_WARN_EMPTY_BODY = YES;
				CLANG_WARN_ENUM_CONVERSION = YES;
				CLANG_WARN_INFINITE_RECURSION = YES;
				CLANG_WARN_INT_CONVERSION = YES;
				CLANG_WARN_NON_LITERAL_NULL_CONVERSION = YES;
				CLANG_WARN_OBJC_IMPLICIT_RETAIN_SELF = YES;
				CLANG_WARN_OBJC_LITERAL_CONVERSION = YES;
				CLANG_WARN_OBJC_ROOT_CLASS = YES_ERROR;
				CLANG_WARN_QUOTED_INCLUDE_IN_FRAMEWORK_HEADER = YES;
				CLANG_WARN_RANGE_LOOP_ANALYSIS = YES;
				CLANG_WARN_STRICT_PROTOTYPES = YES;
				CLANG_WARN_SUSPICIOUS_MOVE = YES;
				CLANG_WARN_UNGUARDED_AVAILABILITY = YES_AGGRESSIVE;
				CLANG_WARN_UNREACHABLE_CODE = YES;
				CLANG_WARN__DUPLICATE_METHOD_MATCH = YES;
				COPY_PHASE_STRIP = NO;
				DEBUG_INFORMATION_FORMAT = dwarf;
				ENABLE_STRICT_OBJC_MSGSEND = YES;
				ENABLE_TESTABILITY = YES;
				ENABLE_USER_SCRIPT_SANDBOXING = YES;
				GCC_C_LANGUAGE_STANDARD = gnu17;
				GCC_DYNAMIC_NO_PIC = NO;
				GCC_NO_COMMON_BLOCKS = YES;
				GCC_OPTIMIZATION_LEVEL = 0;
				GCC_PREPROCESSOR_DEFINITIONS = (
					"DEBUG=1",
					"$(inherited)",
				);
				GCC_WARN_64_TO_32_BIT_CONVERSION = YES;
				GCC_WARN_ABOUT_RETURN_TYPE = YES_ERROR;
				GCC_WARN_UNDECLARED_SELECTOR = YES;
				GCC_WARN_UNINITIALIZED_AUTOS = YES_AGGRESSIVE;
				GCC_WARN_UNUSED_FUNCTION = YES;
				GCC_WARN_UNUSED_VARIABLE = YES;
				IPHONEOS_DEPLOYMENT_TARGET = 18.2;
				LOCALIZATION_PREFERS_STRING_CATALOGS = YES;
				MTL_ENABLE_DEBUG_INFO = INCLUDE_SOURCE;
				MTL_FAST_MATH = YES;
				ONLY_ACTIVE_ARCH = YES;
				SDKROOT = iphoneos;
				SWIFT_ACTIVE_COMPILATION_CONDITIONS = "DEBUG $(inherited)";
				SWIFT_OPTIMIZATION_LEVEL = "-Onone";
			};
			name = Debug;
		};
		299FF0652E16F07900BB64E1 /* Release */ = {
			isa = XCBuildConfiguration;
			buildSettings = {
				ALWAYS_SEARCH_USER_PATHS = NO;
				ASSETCATALOG_COMPILER_GENERATE_SWIFT_ASSET_SYMBOL_EXTENSIONS = YES;
				CLANG_ANALYZER_NONNULL = YES;
				CLANG_ANALYZER_NUMBER_OBJECT_CONVERSION = YES_AGGRESSIVE;
				CLANG_CXX_LANGUAGE_STANDARD = "gnu++20";
				CLANG_ENABLE_MODULES = YES;
				CLANG_ENABLE_OBJC_ARC = YES;
				CLANG_ENABLE_OBJC_WEAK = YES;
				CLANG_WARN_BLOCK_CAPTURE_AUTORELEASING = YES;
				CLANG_WARN_BOOL_CONVERSION = YES;
				CLANG_WARN_COMMA = YES;
				CLANG_WARN_CONSTANT_CONVERSION = YES;
				CLANG_WARN_DEPRECATED_OBJC_IMPLEMENTATIONS = YES;
				CLANG_WARN_DIRECT_OBJC_ISA_USAGE = YES_ERROR;
				CLANG_WARN_DOCUMENTATION_COMMENTS = YES;
				CLANG_WARN_EMPTY_BODY = YES;
				CLANG_WARN_ENUM_CONVERSION = YES;
				CLANG_WARN_INFINITE_RECURSION = YES;
				CLANG_WARN_INT_CONVERSION = YES;
				CLANG_WARN_NON_LITERAL_NULL_CONVERSION = YES;
				CLANG_WARN_OBJC_IMPLICIT_RETAIN_SELF = YES;
				CLANG_WARN_OBJC_LITERAL_CONVERSION = YES;
				CLANG_WARN_OBJC_ROOT_CLASS = YES_ERROR;
				CLANG_WARN_QUOTED_INCLUDE_IN_FRAMEWORK_HEADER = YES;
				CLANG_WARN_RANGE_LOOP_ANALYSIS = YES;
				CLANG_WARN_STRICT_PROTOTYPES = YES;
				CLANG_WARN_SUSPICIOUS_MOVE = YES;
				CLANG_WARN_UNGUARDED_AVAILABILITY = YES_AGGRESSIVE;
				CLANG_WARN_UNREACHABLE_CODE = YES;
				CLANG_WARN__DUPLICATE_METHOD_MATCH = YES;
				COPY_PHASE_STRIP = NO;
				DEBUG_INFORMATION_FORMAT = "dwarf-with-dsym";
				ENABLE_NS_ASSERTIONS = NO;
				ENABLE_STRICT_OBJC_MSGSEND = YES;
				ENABLE_USER_SCRIPT_SANDBOXING = YES;
				GCC_C_LANGUAGE_STANDARD = gnu17;
				GCC_NO_COMMON_BLOCKS = YES;
				GCC_WARN_64_TO_32_BIT_CONVERSION = YES;
				GCC_WARN_ABOUT_RETURN_TYPE = YES_ERROR;
				GCC_WARN_UNDECLARED_SELECTOR = YES;
				GCC_WARN_UNINITIALIZED_AUTOS = YES_AGGRESSIVE;
				GCC_WARN_UNUSED_FUNCTION = YES;
				GCC_WARN_UNUSED_VARIABLE = YES;
				IPHONEOS_DEPLOYMENT_TARGET = 18.2;
				LOCALIZATION_PREFERS_STRING_CATALOGS = YES;
				MTL_ENABLE_DEBUG_INFO = NO;
				MTL_FAST_MATH = YES;
				SDKROOT = iphoneos;
				SWIFT_COMPILATION_MODE = wholemodule;
				VALIDATE_PRODUCT = YES;
			};
			name = Release;
		};
		299FF0672E16F07900BB64E1 /* Debug */ = {
			isa = XCBuildConfiguration;
			buildSettings = {
				ASSETCATALOG_COMPILER_APPICON_NAME = AppIcon;
				ASSETCATALOG_COMPILER_GLOBAL_ACCENT_COLOR_NAME = AccentColor;
				CODE_SIGN_STYLE = Automatic;
				CURRENT_PROJECT_VERSION = 1;
				DEVELOPMENT_ASSET_PATHS = "\"TrainIA/Preview Content\"";
				DEVELOPMENT_TEAM = LKR93F9PDQ;
				ENABLE_PREVIEWS = YES;
				GENERATE_INFOPLIST_FILE = YES;
				INFOPLIST_KEY_UIApplicationSceneManifest_Generation = YES;
				INFOPLIST_KEY_UIApplicationSupportsIndirectInputEvents = YES;
				INFOPLIST_KEY_UILaunchScreen_Generation = YES;
				INFOPLIST_KEY_UISupportedInterfaceOrientations_iPad = "UIInterfaceOrientationPortrait UIInterfaceOrientationPortraitUpsideDown UIInterfaceOrientationLandscapeLeft UIInterfaceOrientationLandscapeRight";
				INFOPLIST_KEY_UISupportedInterfaceOrientations_iPhone = "UIInterfaceOrientationPortrait UIInterfaceOrientationLandscapeLeft UIInterfaceOrientationLandscapeRight";
				LD_RUNPATH_SEARCH_PATHS = (
					"$(inherited)",
					"@executable_path/Frameworks",
				);
				MARKETING_VERSION = 1.0;
				PRODUCT_BUNDLE_IDENTIFIER = com.YagoAlonso.TrainIA;
				PRODUCT_NAME = "$(TARGET_NAME)";
				SWIFT_EMIT_LOC_STRINGS = YES;
				SWIFT_VERSION = 5.0;
				TARGETED_DEVICE_FAMILY = "1,2";
			};
			name = Debug;
		};
		299FF0682E16F07900BB64E1 /* Release */ = {
			isa = XCBuildConfiguration;
			buildSettings = {
				ASSETCATALOG_COMPILER_APPICON_NAME = AppIcon;
				ASSETCATALOG_COMPILER_GLOBAL_ACCENT_COLOR_NAME = AccentColor;
				CODE_SIGN_STYLE = Automatic;
				CURRENT_PROJECT_VERSION = 1;
				DEVELOPMENT_ASSET_PATHS = "\"TrainIA/Preview Content\"";
				DEVELOPMENT_TEAM = LKR93F9PDQ;
				ENABLE_PREVIEWS = YES;
				GENERATE_INFOPLIST_FILE = YES;
				INFOPLIST_KEY_UIApplicationSceneManifest_Generation = YES;
				INFOPLIST_KEY_UIApplicationSupportsIndirectInputEvents = YES;
				INFOPLIST_KEY_UILaunchScreen_Generation = YES;
				INFOPLIST_KEY_UISupportedInterfaceOrientations_iPad = "UIInterfaceOrientationPortrait UIInterfaceOrientationPortraitUpsideDown UIInterfaceOrientationLandscapeLeft UIInterfaceOrientationLandscapeRight";
				INFOPLIST_KEY_UISupportedInterfaceOrientations_iPhone = "UIInterfaceOrientationPortrait UIInterfaceOrientationLandscapeLeft UIInterfaceOrientationLandscapeRight";
				LD_RUNPATH_SEARCH_PATHS = (
					"$(inherited)",
					"@executable_path/Frameworks",
				);
				MARKETING_VERSION = 1.0;
				PRODUCT_BUNDLE_IDENTIFIER = com.YagoAlonso.TrainIA;
				PRODUCT_NAME = "$(TARGET_NAME)";
				SWIFT_EMIT_LOC_STRINGS = YES;
				SWIFT_VERSION = 5.0;
				TARGETED_DEVICE_FAMILY = "1,2";
			};
			name = Release;
		};
		299FF06A2E16F07900BB64E1 /* Debug */ = {
			isa = XCBuildConfiguration;
			buildSettings = {
				BUNDLE_LOADER = "$(TEST_HOST)";
				CODE_SIGN_STYLE = Automatic;
				CURRENT_PROJECT_VERSION = 1;
				GENERATE_INFOPLIST_FILE = YES;
				IPHONEOS_DEPLOYMENT_TARGET = 18.2;
				MARKETING_VERSION = 1.0;
				PRODUCT_BUNDLE_IDENTIFIER = com.YagoAlonso.TrainIATests;
				PRODUCT_NAME = "$(TARGET_NAME)";
				SWIFT_EMIT_LOC_STRINGS = NO;
				SWIFT_VERSION = 5.0;
				TARGETED_DEVICE_FAMILY = "1,2";
				TEST_HOST = "$(BUILT_PRODUCTS_DIR)/TrainIA.app/$(BUNDLE_EXECUTABLE_FOLDER_PATH)/TrainIA";
			};
			name = Debug;
		};
		299FF06B2E16F07900BB64E1 /* Release */ = {
			isa = XCBuildConfiguration;
			buildSettings = {
				BUNDLE_LOADER = "$(TEST_HOST)";
				CODE_SIGN_STYLE = Automatic;
				CURRENT_PROJECT_VERSION = 1;
				GENERATE_INFOPLIST_FILE = YES;
				IPHONEOS_DEPLOYMENT_TARGET = 18.2;
				MARKETING_VERSION = 1.0;
				PRODUCT_BUNDLE_IDENTIFIER = com.YagoAlonso.TrainIATests;
				PRODUCT_NAME = "$(TARGET_NAME)";
				SWIFT_EMIT_LOC_STRINGS = NO;
				SWIFT_VERSION = 5.0;
				TARGETED_DEVICE_FAMILY = "1,2";
				TEST_HOST = "$(BUILT_PRODUCTS_DIR)/TrainIA.app/$(BUNDLE_EXECUTABLE_FOLDER_PATH)/TrainIA";
			};
			name = Release;
		};
		299FF06D2E16F07900BB64E1 /* Debug */ = {
			isa = XCBuildConfiguration;
			buildSettings = {
				CODE_SIGN_STYLE = Automatic;
				CURRENT_PROJECT_VERSION = 1;
				GENERATE_INFOPLIST_FILE = YES;
				MARKETING_VERSION = 1.0;
				PRODUCT_BUNDLE_IDENTIFIER = com.YagoAlonso.TrainIAUITests;
				PRODUCT_NAME = "$(TARGET_NAME)";
				SWIFT_EMIT_LOC_STRINGS = NO;
				SWIFT_VERSION = 5.0;
				TARGETED_DEVICE_FAMILY = "1,2";
				TEST_TARGET_NAME = TrainIA;
			};
			name = Debug;
		};
		299FF06E2E16F07900BB64E1 /* Release */ = {
			isa = XCBuildConfiguration;
			buildSettings = {
				CODE_SIGN_STYLE = Automatic;
				CURRENT_PROJECT_VERSION = 1;
				GENERATE_INFOPLIST_FILE = YES;
				MARKETING_VERSION = 1.0;
				PRODUCT_BUNDLE_IDENTIFIER = com.YagoAlonso.TrainIAUITests;
				PRODUCT_NAME = "$(TARGET_NAME)";
				SWIFT_EMIT_LOC_STRINGS = NO;
				SWIFT_VERSION = 5.0;
				TARGETED_DEVICE_FAMILY = "1,2";
				TEST_TARGET_NAME = TrainIA;
			};
			name = Release;
		};
/* End XCBuildConfiguration section */

/* Begin XCConfigurationList section */
		299FF03B2E16F07700BB64E1 /* Build configuration list for PBXProject "TrainIA" */ = {
			isa = XCConfigurationList;
			buildConfigurations = (
				299FF0642E16F07900BB64E1 /* Debug */,
				299FF0652E16F07900BB64E1 /* Release */,
			);
			defaultConfigurationIsVisible = 0;
			defaultConfigurationName = Release;
		};
		299FF0662E16F07900BB64E1 /* Build configuration list for PBXNativeTarget "TrainIA" */ = {
			isa = XCConfigurationList;
			buildConfigurations = (
				299FF0672E16F07900BB64E1 /* Debug */,
				299FF0682E16F07900BB64E1 /* Release */,
			);
			defaultConfigurationIsVisible = 0;
			defaultConfigurationName = Release;
		};
		299FF0692E16F07900BB64E1 /* Build configuration list for PBXNativeTarget "TrainIATests" */ = {
			isa = XCConfigurationList;
			buildConfigurations = (
				299FF06A2E16F07900BB64E1 /* Debug */,
				299FF06B2E16F07900BB64E1 /* Release */,
			);
			defaultConfigurationIsVisible = 0;
			defaultConfigurationName = Release;
		};
		299FF06C2E16F07900BB64E1 /* Build configuration list for PBXNativeTarget "TrainIAUITests" */ = {
			isa = XCConfigurationList;
			buildConfigurations = (
				299FF06D2E16F07900BB64E1 /* Debug */,
				299FF06E2E16F07900BB64E1 /* Release */,
			);
			defaultConfigurationIsVisible = 0;
			defaultConfigurationName = Release;
		};
/* End XCConfigurationList section */
	};
	rootObject = 299FF0382E16F07700BB64E1 /* Project object */;
}
